<Solution>
  <Project Path="AccountApp/AccountApp.csproj" Id="5c15911e-6298-4dec-b19d-aeab65ef75cc" />
  <Project Path="ArraysApp/ArraysApp.csproj" Id="07884714-704b-4cbe-bec6-2daaebbf0978" />
  <Project Path="CitiesForApp/CitiesForApp.csproj" Id="f6c901f9-f8ab-4e12-88a5-e8fac4780c95" />
  <Project Path="DataTypes/DataTypes.csproj" />
  <Project Path="DoWhileApp/DoWhileApp.csproj" Id="9dbf3535-baa0-4474-900f-44ce20d5c32f" />
  <Project Path="ExtractCapitals/ExtractCapitals.csproj" Id="2479a353-b4a8-43b9-bf8a-38a232955524" />
  <Project Path="FibonacciIterative/FibonacciIterative.csproj" Id="f6ec1115-3149-4344-bdb6-bcada7acc5f9" />
  <Project Path="FormatExceptionApp/FormatExceptionApp.csproj" Id="a9b878e4-cd47-45da-96a4-4ef3219583fe" />
  <Project Path="HelloWorld/HelloWorld.csproj" />
  <Project Path="IfUseCases/IfUseCases.csproj" Id="d8aa5d7f-427d-4080-8f39-50087a0b2227" />
  <Project Path="KilometersApp/KilometersApp.csproj" />
  <Project Path="LinqArrays/LinqArrays.csproj" Id="eba0bc2a-92a6-4814-9aee-ff42f62509e3" />
  <Project Path="NullableStringApp/NullableStringApp.csproj" Id="025ce16d-5bd8-451c-bdf0-0e3fd9cff168" />
  <Project Path="NumberRead/NumberRead.csproj" />
  <Project Path="OOApp/OOApp.csproj" Id="b5eb5734-521e-477e-b9c5-f317496d0b65" />
  <Project Path="PositivesCount/PositivesCount.csproj" Id="1a5428cb-f98c-4630-8c57-7f84ed3c3845" />
  <Project Path="PowerApp/PowerApp.csproj" Id="117ea20e-9073-4f8f-93dd-888b2c5238b1" />
  <Project Path="PrintingApp/PrintingApp.csproj" />
  <Project Path="ProductsVat/ProductsVat.csproj" />
  <Project Path="ProductWhileApp/ProductWhileApp.csproj" Id="0e9daa98-364e-4e45-911b-bdec535ddba5" />
  <Project Path="PyramidChallenge/PyramidChallenge.csproj" Id="55e91626-c4c3-4904-9290-e8d83a8bb7f4" />
  <Project Path="RegExApp/RegExApp.csproj" Id="aa29afec-3fcc-47af-9656-840d8136f0a6" />
  <Project Path="StringsApp/StringsApp.csproj" Id="0400ca6a-799b-418a-a468-be49b45f2ce3" />
  <Project Path="SwapApp/SwapApp.csproj" Id="bf96ecbe-ec06-46c4-845b-dac5e644679e" />
  <Project Path="SwitchApp/SwitchApp.csproj" Id="efd59e71-96ac-4c58-9d4b-e06a00381627" />
  <Project Path="UtilityClassesApp/UtilityClassesApp.csproj" Id="7aa59213-e0d3-4a78-8351-dac981feac95" />
  <Project Path="WhileApp/WhileApp.csproj" Id="08588b98-8e82-4272-a56d-04e9d61b3bb5" />
</Solution>
